
Microsoft Visual Studio Solution File, Format Version 12.00
# Visual Studio 14
VisualStudioVersion = 14.0.25420.1
MinimumVisualStudioVersion = 10.0.40219.1
Project("{FAE04EC0-301F-11D3-BF4B-00C04F79EFBC}") = "WerWirdMillionär", "WerWirdMillionär\WerWirdMillionär.csproj", "{7688DD3C-0430-4ACF-9266-B9E7BDA8FE05}"
EndProject
Project("{FAE04EC0-301F-11D3-BF4B-00C04F79EFBC}") = "WindowsFormsApplication3", "..\..\..\Documents\Visual Studio 2015\Projects\WindowsFormsApplication3\WindowsFormsApplication3\WindowsFormsApplication3.csproj", "{EB1B85C2-0F9E-4E51-8009-66FB34CF2E75}"
EndProject
Global
	GlobalSection(SolutionConfigurationPlatforms) = preSolution
		Debug|Any CPU = Debug|Any CPU
		Release|Any CPU = Release|Any CPU
	EndGlobalSection
	GlobalSection(ProjectConfigurationPlatforms) = postSolution
		{7688DD3C-0430-4ACF-9266-B9E7BDA8FE05}.Debug|Any CPU.ActiveCfg = Debug|Any CPU
		{7688DD3C-0430-4ACF-9266-B9E7BDA8FE05}.Debug|Any CPU.Build.0 = Debug|Any CPU
		{7688DD3C-0430-4ACF-9266-B9E7BDA8FE05}.Release|Any CPU.ActiveCfg = Release|Any CPU
		{7688DD3C-0430-4ACF-9266-B9E7BDA8FE05}.Release|Any CPU.Build.0 = Release|Any CPU
		{EB1B85C2-0F9E-4E51-8009-66FB34CF2E75}.Debug|Any CPU.ActiveCfg = Debug|Any CPU
		{EB1B85C2-0F9E-4E51-8009-66FB34CF2E75}.Debug|Any CPU.Build.0 = Debug|Any CPU
		{EB1B85C2-0F9E-4E51-8009-66FB34CF2E75}.Release|Any CPU.ActiveCfg = Release|Any CPU
		{EB1B85C2-0F9E-4E51-8009-66FB34CF2E75}.Release|Any CPU.Build.0 = Release|Any CPU
	EndGlobalSection
	GlobalSection(SolutionProperties) = preSolution
		HideSolutionNode = FALSE
	EndGlobalSection
EndGlobal
